
Microsoft Visual Studio Solution File, Format Version 12.00
# Visual Studio Version 17
VisualStudioVersion = 17.0.31421.11
MinimumVisualStudioVersion = 10.0.40219.1
Project("{2150E333-8FDC-42A3-9474-1A3956D46DE8}") = "src", "src", "{2355A742-ABD4-402A-8040-A46B7D88BAB5}"
EndProject
Project("{2150E333-8FDC-42A3-9474-1A3956D46DE8}") = "demo", "demo", "{C059CCE4-C3EC-4CC2-B7F6-AD4FABBAFB2F}"
EndProject
Project("{2150E333-8FDC-42A3-9474-1A3956D46DE8}") = "test", "test", "{85C121D2-EBA5-4580-A375-4383371885A0}"
EndProject
Project("{2150E333-8FDC-42A3-9474-1A3956D46DE8}") = "Solution Items", "Solution Items", "{3CDB20C4-5D12-40D9-96D3-2328C4F46583}"
	ProjectSection(SolutionItems) = preProject
		.gitignore = .gitignore
		CODE-OF-CONDUCT.md = CODE-OF-CONDUCT.md
		CONTRIBUTING.md = CONTRIBUTING.md
		Directory.Build.props = Directory.Build.props
		Directory.Build.targets = Directory.Build.targets
		LICENSE.TXT = LICENSE.TXT
		README.md = README.md
	EndProjectSection
EndProject
Project("{FAE04EC0-301F-11D3-BF4B-00C04F79EFBC}") = "SampleWebApplication", "demo\SampleWebApplication\SampleWebApplication.csproj", "{AF335E81-CD55-49BC-980E-6F689866DCEB}"
EndProject
Project("{9A19103F-16F7-4668-BE54-9A1E7A4F7556}") = "Microsoft.AspNet.Hosting.SystemWeb", "src\Microsoft.AspNet.Hosting.SystemWeb\Microsoft.AspNet.Hosting.SystemWeb.csproj", "{FF7A9CE8-19BB-4DC9-81D0-FF5EB309DB72}"
EndProject
Project("{9A19103F-16F7-4668-BE54-9A1E7A4F7556}") = "Microsoft.AspNet.Hosting.SystemWeb.Mvc.Abstractions", "src\Microsoft.AspNet.Hosting.SystemWeb.Mvc.Abstractions\Microsoft.AspNet.Hosting.SystemWeb.Mvc.Abstractions.csproj", "{C23CD5E0-BDD7-43A1-8833-95FF1C86ECAD}"
EndProject
Project("{9A19103F-16F7-4668-BE54-9A1E7A4F7556}") = "Microsoft.AspNet.Hosting.SystemWeb.Mvc", "src\Microsoft.AspNet.Hosting.SystemWeb.Mvc\Microsoft.AspNet.Hosting.SystemWeb.Mvc.csproj", "{CE796D45-BDF1-4EBF-A677-C66C3A9A4250}"
EndProject
Project("{9A19103F-16F7-4668-BE54-9A1E7A4F7556}") = "Microsoft.AspNet.Hosting.SystemWeb.WebApi.Abstractions", "src\Microsoft.AspNet.Hosting.SystemWeb.WebApi.Abstractions\Microsoft.AspNet.Hosting.SystemWeb.WebApi.Abstractions.csproj", "{9D3FCA9A-108F-4664-8FC7-1E71B767DA87}"
EndProject
Project("{9A19103F-16F7-4668-BE54-9A1E7A4F7556}") = "Microsoft.AspNet.Hosting.SystemWeb.WebApi", "src\Microsoft.AspNet.Hosting.SystemWeb.WebApi\Microsoft.AspNet.Hosting.SystemWeb.WebApi.csproj", "{556F5E46-6510-41FA-9EA6-A72834BAAC2D}"
EndProject
Project("{9A19103F-16F7-4668-BE54-9A1E7A4F7556}") = "Microsoft.AspNet.Hosting.Abstractions", "src\Microsoft.AspNet.Hosting.Abstractions\Microsoft.AspNet.Hosting.Abstractions.csproj", "{1B29EA7F-229D-463D-9227-4D7AE99B3FFA}"
EndProject
Project("{9A19103F-16F7-4668-BE54-9A1E7A4F7556}") = "Microsoft.AspNet.Hosting.SystemWeb.Abstractions", "src\Microsoft.AspNet.Hosting.SystemWeb.Abstractions\Microsoft.AspNet.Hosting.SystemWeb.Abstractions.csproj", "{A8D9A522-0301-4730-A2ED-8F082961012C}"
EndProject
Global
	GlobalSection(SolutionConfigurationPlatforms) = preSolution
		Debug|Any CPU = Debug|Any CPU
		Debug|x64 = Debug|x64
		Debug|x86 = Debug|x86
		Release|Any CPU = Release|Any CPU
		Release|x64 = Release|x64
		Release|x86 = Release|x86
	EndGlobalSection
	GlobalSection(ProjectConfigurationPlatforms) = postSolution
		{AF335E81-CD55-49BC-980E-6F689866DCEB}.Debug|Any CPU.ActiveCfg = Debug|Any CPU
		{AF335E81-CD55-49BC-980E-6F689866DCEB}.Debug|Any CPU.Build.0 = Debug|Any CPU
		{AF335E81-CD55-49BC-980E-6F689866DCEB}.Debug|x64.ActiveCfg = Debug|Any CPU
		{AF335E81-CD55-49BC-980E-6F689866DCEB}.Debug|x64.Build.0 = Debug|Any CPU
		{AF335E81-CD55-49BC-980E-6F689866DCEB}.Debug|x86.ActiveCfg = Debug|Any CPU
		{AF335E81-CD55-49BC-980E-6F689866DCEB}.Debug|x86.Build.0 = Debug|Any CPU
		{AF335E81-CD55-49BC-980E-6F689866DCEB}.Release|Any CPU.ActiveCfg = Release|Any CPU
		{AF335E81-CD55-49BC-980E-6F689866DCEB}.Release|Any CPU.Build.0 = Release|Any CPU
		{AF335E81-CD55-49BC-980E-6F689866DCEB}.Release|x64.ActiveCfg = Release|Any CPU
		{AF335E81-CD55-49BC-980E-6F689866DCEB}.Release|x64.Build.0 = Release|Any CPU
		{AF335E81-CD55-49BC-980E-6F689866DCEB}.Release|x86.ActiveCfg = Release|Any CPU
		{AF335E81-CD55-49BC-980E-6F689866DCEB}.Release|x86.Build.0 = Release|Any CPU
		{FF7A9CE8-19BB-4DC9-81D0-FF5EB309DB72}.Debug|Any CPU.ActiveCfg = Debug|Any CPU
		{FF7A9CE8-19BB-4DC9-81D0-FF5EB309DB72}.Debug|Any CPU.Build.0 = Debug|Any CPU
		{FF7A9CE8-19BB-4DC9-81D0-FF5EB309DB72}.Debug|x64.ActiveCfg = Debug|Any CPU
		{FF7A9CE8-19BB-4DC9-81D0-FF5EB309DB72}.Debug|x64.Build.0 = Debug|Any CPU
		{FF7A9CE8-19BB-4DC9-81D0-FF5EB309DB72}.Debug|x86.ActiveCfg = Debug|Any CPU
		{FF7A9CE8-19BB-4DC9-81D0-FF5EB309DB72}.Debug|x86.Build.0 = Debug|Any CPU
		{FF7A9CE8-19BB-4DC9-81D0-FF5EB309DB72}.Release|Any CPU.ActiveCfg = Release|Any CPU
		{FF7A9CE8-19BB-4DC9-81D0-FF5EB309DB72}.Release|Any CPU.Build.0 = Release|Any CPU
		{FF7A9CE8-19BB-4DC9-81D0-FF5EB309DB72}.Release|x64.ActiveCfg = Release|Any CPU
		{FF7A9CE8-19BB-4DC9-81D0-FF5EB309DB72}.Release|x64.Build.0 = Release|Any CPU
		{FF7A9CE8-19BB-4DC9-81D0-FF5EB309DB72}.Release|x86.ActiveCfg = Release|Any CPU
		{FF7A9CE8-19BB-4DC9-81D0-FF5EB309DB72}.Release|x86.Build.0 = Release|Any CPU
		{C23CD5E0-BDD7-43A1-8833-95FF1C86ECAD}.Debug|Any CPU.ActiveCfg = Debug|Any CPU
		{C23CD5E0-BDD7-43A1-8833-95FF1C86ECAD}.Debug|Any CPU.Build.0 = Debug|Any CPU
		{C23CD5E0-BDD7-43A1-8833-95FF1C86ECAD}.Debug|x64.ActiveCfg = Debug|Any CPU
		{C23CD5E0-BDD7-43A1-8833-95FF1C86ECAD}.Debug|x64.Build.0 = Debug|Any CPU
		{C23CD5E0-BDD7-43A1-8833-95FF1C86ECAD}.Debug|x86.ActiveCfg = Debug|Any CPU
		{C23CD5E0-BDD7-43A1-8833-95FF1C86ECAD}.Debug|x86.Build.0 = Debug|Any CPU
		{C23CD5E0-BDD7-43A1-8833-95FF1C86ECAD}.Release|Any CPU.ActiveCfg = Release|Any CPU
		{C23CD5E0-BDD7-43A1-8833-95FF1C86ECAD}.Release|Any CPU.Build.0 = Release|Any CPU
		{C23CD5E0-BDD7-43A1-8833-95FF1C86ECAD}.Release|x64.ActiveCfg = Release|Any CPU
		{C23CD5E0-BDD7-43A1-8833-95FF1C86ECAD}.Release|x64.Build.0 = Release|Any CPU
		{C23CD5E0-BDD7-43A1-8833-95FF1C86ECAD}.Release|x86.ActiveCfg = Release|Any CPU
		{C23CD5E0-BDD7-43A1-8833-95FF1C86ECAD}.Release|x86.Build.0 = Release|Any CPU
		{CE796D45-BDF1-4EBF-A677-C66C3A9A4250}.Debug|Any CPU.ActiveCfg = Debug|Any CPU
		{CE796D45-BDF1-4EBF-A677-C66C3A9A4250}.Debug|Any CPU.Build.0 = Debug|Any CPU
		{CE796D45-BDF1-4EBF-A677-C66C3A9A4250}.Debug|x64.ActiveCfg = Debug|Any CPU
		{CE796D45-BDF1-4EBF-A677-C66C3A9A4250}.Debug|x64.Build.0 = Debug|Any CPU
		{CE796D45-BDF1-4EBF-A677-C66C3A9A4250}.Debug|x86.ActiveCfg = Debug|Any CPU
		{CE796D45-BDF1-4EBF-A677-C66C3A9A4250}.Debug|x86.Build.0 = Debug|Any CPU
		{CE796D45-BDF1-4EBF-A677-C66C3A9A4250}.Release|Any CPU.ActiveCfg = Release|Any CPU
		{CE796D45-BDF1-4EBF-A677-C66C3A9A4250}.Release|Any CPU.Build.0 = Release|Any CPU
		{CE796D45-BDF1-4EBF-A677-C66C3A9A4250}.Release|x64.ActiveCfg = Release|Any CPU
		{CE796D45-BDF1-4EBF-A677-C66C3A9A4250}.Release|x64.Build.0 = Release|Any CPU
		{CE796D45-BDF1-4EBF-A677-C66C3A9A4250}.Release|x86.ActiveCfg = Release|Any CPU
		{CE796D45-BDF1-4EBF-A677-C66C3A9A4250}.Release|x86.Build.0 = Release|Any CPU
		{9D3FCA9A-108F-4664-8FC7-1E71B767DA87}.Debug|Any CPU.ActiveCfg = Debug|Any CPU
		{9D3FCA9A-108F-4664-8FC7-1E71B767DA87}.Debug|Any CPU.Build.0 = Debug|Any CPU
		{9D3FCA9A-108F-4664-8FC7-1E71B767DA87}.Debug|x64.ActiveCfg = Debug|Any CPU
		{9D3FCA9A-108F-4664-8FC7-1E71B767DA87}.Debug|x64.Build.0 = Debug|Any CPU
		{9D3FCA9A-108F-4664-8FC7-1E71B767DA87}.Debug|x86.ActiveCfg = Debug|Any CPU
		{9D3FCA9A-108F-4664-8FC7-1E71B767DA87}.Debug|x86.Build.0 = Debug|Any CPU
		{9D3FCA9A-108F-4664-8FC7-1E71B767DA87}.Release|Any CPU.ActiveCfg = Release|Any CPU
		{9D3FCA9A-108F-4664-8FC7-1E71B767DA87}.Release|Any CPU.Build.0 = Release|Any CPU
		{9D3FCA9A-108F-4664-8FC7-1E71B767DA87}.Release|x64.ActiveCfg = Release|Any CPU
		{9D3FCA9A-108F-4664-8FC7-1E71B767DA87}.Release|x64.Build.0 = Release|Any CPU
		{9D3FCA9A-108F-4664-8FC7-1E71B767DA87}.Release|x86.ActiveCfg = Release|Any CPU
		{9D3FCA9A-108F-4664-8FC7-1E71B767DA87}.Release|x86.Build.0 = Release|Any CPU
		{556F5E46-6510-41FA-9EA6-A72834BAAC2D}.Debug|Any CPU.ActiveCfg = Debug|Any CPU
		{556F5E46-6510-41FA-9EA6-A72834BAAC2D}.Debug|Any CPU.Build.0 = Debug|Any CPU
		{556F5E46-6510-41FA-9EA6-A72834BAAC2D}.Debug|x64.ActiveCfg = Debug|Any CPU
		{556F5E46-6510-41FA-9EA6-A72834BAAC2D}.Debug|x64.Build.0 = Debug|Any CPU
		{556F5E46-6510-41FA-9EA6-A72834BAAC2D}.Debug|x86.ActiveCfg = Debug|Any CPU
		{556F5E46-6510-41FA-9EA6-A72834BAAC2D}.Debug|x86.Build.0 = Debug|Any CPU
		{556F5E46-6510-41FA-9EA6-A72834BAAC2D}.Release|Any CPU.ActiveCfg = Release|Any CPU
		{556F5E46-6510-41FA-9EA6-A72834BAAC2D}.Release|Any CPU.Build.0 = Release|Any CPU
		{556F5E46-6510-41FA-9EA6-A72834BAAC2D}.Release|x64.ActiveCfg = Release|Any CPU
		{556F5E46-6510-41FA-9EA6-A72834BAAC2D}.Release|x64.Build.0 = Release|Any CPU
		{556F5E46-6510-41FA-9EA6-A72834BAAC2D}.Release|x86.ActiveCfg = Release|Any CPU
		{556F5E46-6510-41FA-9EA6-A72834BAAC2D}.Release|x86.Build.0 = Release|Any CPU
		{1B29EA7F-229D-463D-9227-4D7AE99B3FFA}.Debug|Any CPU.ActiveCfg = Debug|Any CPU
		{1B29EA7F-229D-463D-9227-4D7AE99B3FFA}.Debug|Any CPU.Build.0 = Debug|Any CPU
		{1B29EA7F-229D-463D-9227-4D7AE99B3FFA}.Debug|x64.ActiveCfg = Debug|Any CPU
		{1B29EA7F-229D-463D-9227-4D7AE99B3FFA}.Debug|x64.Build.0 = Debug|Any CPU
		{1B29EA7F-229D-463D-9227-4D7AE99B3FFA}.Debug|x86.ActiveCfg = Debug|Any CPU
		{1B29EA7F-229D-463D-9227-4D7AE99B3FFA}.Debug|x86.Build.0 = Debug|Any CPU
		{1B29EA7F-229D-463D-9227-4D7AE99B3FFA}.Release|Any CPU.ActiveCfg = Release|Any CPU
		{1B29EA7F-229D-463D-9227-4D7AE99B3FFA}.Release|Any CPU.Build.0 = Release|Any CPU
		{1B29EA7F-229D-463D-9227-4D7AE99B3FFA}.Release|x64.ActiveCfg = Release|Any CPU
		{1B29EA7F-229D-463D-9227-4D7AE99B3FFA}.Release|x64.Build.0 = Release|Any CPU
		{1B29EA7F-229D-463D-9227-4D7AE99B3FFA}.Release|x86.ActiveCfg = Release|Any CPU
		{1B29EA7F-229D-463D-9227-4D7AE99B3FFA}.Release|x86.Build.0 = Release|Any CPU
		{A8D9A522-0301-4730-A2ED-8F082961012C}.Debug|Any CPU.ActiveCfg = Debug|Any CPU
		{A8D9A522-0301-4730-A2ED-8F082961012C}.Debug|Any CPU.Build.0 = Debug|Any CPU
		{A8D9A522-0301-4730-A2ED-8F082961012C}.Debug|x64.ActiveCfg = Debug|Any CPU
		{A8D9A522-0301-4730-A2ED-8F082961012C}.Debug|x64.Build.0 = Debug|Any CPU
		{A8D9A522-0301-4730-A2ED-8F082961012C}.Debug|x86.ActiveCfg = Debug|Any CPU
		{A8D9A522-0301-4730-A2ED-8F082961012C}.Debug|x86.Build.0 = Debug|Any CPU
		{A8D9A522-0301-4730-A2ED-8F082961012C}.Release|Any CPU.ActiveCfg = Release|Any CPU
		{A8D9A522-0301-4730-A2ED-8F082961012C}.Release|Any CPU.Build.0 = Release|Any CPU
		{A8D9A522-0301-4730-A2ED-8F082961012C}.Release|x64.ActiveCfg = Release|Any CPU
		{A8D9A522-0301-4730-A2ED-8F082961012C}.Release|x64.Build.0 = Release|Any CPU
		{A8D9A522-0301-4730-A2ED-8F082961012C}.Release|x86.ActiveCfg = Release|Any CPU
		{A8D9A522-0301-4730-A2ED-8F082961012C}.Release|x86.Build.0 = Release|Any CPU
	EndGlobalSection
	GlobalSection(SolutionProperties) = preSolution
		HideSolutionNode = FALSE
	EndGlobalSection
	GlobalSection(NestedProjects) = preSolution
		{AF335E81-CD55-49BC-980E-6F689866DCEB} = {C059CCE4-C3EC-4CC2-B7F6-AD4FABBAFB2F}
		{FF7A9CE8-19BB-4DC9-81D0-FF5EB309DB72} = {2355A742-ABD4-402A-8040-A46B7D88BAB5}
		{C23CD5E0-BDD7-43A1-8833-95FF1C86ECAD} = {2355A742-ABD4-402A-8040-A46B7D88BAB5}
		{CE796D45-BDF1-4EBF-A677-C66C3A9A4250} = {2355A742-ABD4-402A-8040-A46B7D88BAB5}
		{9D3FCA9A-108F-4664-8FC7-1E71B767DA87} = {2355A742-ABD4-402A-8040-A46B7D88BAB5}
		{556F5E46-6510-41FA-9EA6-A72834BAAC2D} = {2355A742-ABD4-402A-8040-A46B7D88BAB5}
		{1B29EA7F-229D-463D-9227-4D7AE99B3FFA} = {2355A742-ABD4-402A-8040-A46B7D88BAB5}
		{A8D9A522-0301-4730-A2ED-8F082961012C} = {2355A742-ABD4-402A-8040-A46B7D88BAB5}
	EndGlobalSection
	GlobalSection(ExtensibilityGlobals) = postSolution
		SolutionGuid = {20512F05-6FBC-47B7-BBE8-949744341E3D}
	EndGlobalSection
EndGlobal
